
Microsoft Visual Studio Solution File, Format Version 12.00
# Visual Studio Version 16
VisualStudioVersion = 16.0.30320.27
MinimumVisualStudioVersion = 10.0.40219.1
Project("{8BC9CEB8-8B4A-11D0-8D11-00A0C91BC942}") = "RPS", "RPS\RPS.vcxproj", "{D33BDFCE-F3CA-4993-81FE-48C080534E0D}"
EndProject
Global
	GlobalSection(SolutionConfigurationPlatforms) = preSolution
		Debug|x64 = Debug|x64
		Debug|x86 = Debug|x86
		Release|x64 = Release|x64
		Release|x86 = Release|x86
	EndGlobalSection
	GlobalSection(ProjectConfigurationPlatforms) = postSolution
		{D33BDFCE-F3CA-4993-81FE-48C080534E0D}.Debug|x64.ActiveCfg = Debug|x64
		{D33BDFCE-F3CA-4993-81FE-48C080534E0D}.Debug|x64.Build.0 = Debug|x64
		{D33BDFCE-F3CA-4993-81FE-48C080534E0D}.Debug|x86.ActiveCfg = Debug|Win32
		{D33BDFCE-F3CA-4993-81FE-48C080534E0D}.Debug|x86.Build.0 = Debug|Win32
		{D33BDFCE-F3CA-4993-81FE-48C080534E0D}.Release|x64.ActiveCfg = Release|x64
		{D33BDFCE-F3CA-4993-81FE-48C080534E0D}.Release|x64.Build.0 = Release|x64
		{D33BDFCE-F3CA-4993-81FE-48C080534E0D}.Release|x86.ActiveCfg = Release|Win32
		{D33BDFCE-F3CA-4993-81FE-48C080534E0D}.Release|x86.Build.0 = Release|Win32
	EndGlobalSection
	GlobalSection(SolutionProperties) = preSolution
		HideSolutionNode = FALSE
	EndGlobalSection
	GlobalSection(ExtensibilityGlobals) = postSolution
		SolutionGuid = {2FD13C49-F088-4BD0-BE1E-BB9D5B671AD0}
	EndGlobalSection
EndGlobal
